// !$*UTF8*$!
{
	archiveVersion = 1;
	classes = {
	};
	objectVersion = 77;
	objects = {

/* Begin PBXBuildFile section */
		EECF9A082E1F9B8100C6AE7D /* Auth in Frameworks */ = {isa = PBXBuildFile; productRef = EECF9A072E1F9B8100C6AE7D /* Auth */; };
		EECF9A0A2E1F9B8100C6AE7D /* Functions in Frameworks */ = {isa = PBXBuildFile; productRef = EECF9A092E1F9B8100C6AE7D /* Functions */; };
		EECF9A0C2E1F9B8100C6AE7D /* PostgREST in Frameworks */ = {isa = PBXBuildFile; productRef = EECF9A0B2E1F9B8100C6AE7D /* PostgREST */; };
		EECF9A0E2E1F9B8100C6AE7D /* Realtime in Frameworks */ = {isa = PBXBuildFile; productRef = EECF9A0D2E1F9B8100C6AE7D /* Realtime */; };
		EECF9A102E1F9B8100C6AE7D /* Storage in Frameworks */ = {isa = PBXBuildFile; productRef = EECF9A0F2E1F9B8100C6AE7D /* Storage */; };
		EECF9A122E1F9B8100C6AE7D /* Supabase in Frameworks */ = {isa = PBXBuildFile; productRef = EECF9A112E1F9B8100C6AE7D /* Supabase */; };
/* End PBXBuildFile section */

/* Begin PBXContainerItemProxy section */
		EEAEB9452E2115B600C74910 /* PBXContainerItemProxy */ = {
			isa = PBXContainerItemProxy;
			containerPortal = EECF99DE2E1F97AE00C6AE7D /* Project object */;
			proxyType = 1;
			remoteGlobalIDString = EECF99E52E1F97AE00C6AE7D;
			remoteInfo = GolfTracker;
		};
		EEAEB9542E2115DF00C74910 /* PBXContainerItemProxy */ = {
			isa = PBXContainerItemProxy;
			containerPortal = EECF99DE2E1F97AE00C6AE7D /* Project object */;
			proxyType = 1;
			remoteGlobalIDString = EECF99E52E1F97AE00C6AE7D;
			remoteInfo = GolfTracker;
		};
/* End PBXContainerItemProxy section */

/* Begin PBXFileReference section */
		EEAEB9412E2115B600C74910 /* GolfTrackerTests.xctest */ = {isa = PBXFileReference; explicitFileType = wrapper.cfbundle; includeInIndex = 0; path = GolfTrackerTests.xctest; sourceTree = BUILT_PRODUCTS_DIR; };
		EEAEB94E2E2115DF00C74910 /* GolfTrackerUITests.xctest */ = {isa = PBXFileReference; explicitFileType = wrapper.cfbundle; includeInIndex = 0; path = GolfTrackerUITests.xctest; sourceTree = BUILT_PRODUCTS_DIR; };
		EECF99E62E1F97AE00C6AE7D /* GolfTracker.app */ = {isa = PBXFileReference; explicitFileType = wrapper.application; includeInIndex = 0; path = GolfTracker.app; sourceTree = BUILT_PRODUCTS_DIR; };
/* End PBXFileReference section */

/* Begin PBXFileSystemSynchronizedRootGroup section */
		EEAEB9422E2115B600C74910 /* GolfTrackerTests */ = {
			isa = PBXFileSystemSynchronizedRootGroup;
			path = GolfTrackerTests;
			sourceTree = "<group>";
		};
		EECF99E82E1F97AE00C6AE7D /* GolfTracker */ = {
			isa = PBXFileSystemSynchronizedRootGroup;
			path = GolfTracker;
			sourceTree = "<group>";
		};
/* End PBXFileSystemSynchronizedRootGroup section */

/* Begin PBXFrameworksBuildPhase section */
		EEAEB93E2E2115B600C74910 /* Frameworks */ = {
			isa = PBXFrameworksBuildPhase;
			buildActionMask = 2147483647;
			files = (
			);
			runOnlyForDeploymentPostprocessing = 0;
		};
		EEAEB94B2E2115DF00C74910 /* Frameworks */ = {
			isa = PBXFrameworksBuildPhase;
			buildActionMask = 2147483647;
			files = (
			);
			runOnlyForDeploymentPostprocessing = 0;
		};
		EECF99E32E1F97AE00C6AE7D /* Frameworks */ = {
			isa = PBXFrameworksBuildPhase;
			buildActionMask = 2147483647;
			files = (
				EECF9A0C2E1F9B8100C6AE7D /* PostgREST in Frameworks */,
				EECF9A0A2E1F9B8100C6AE7D /* Functions in Frameworks */,
				EECF9A122E1F9B8100C6AE7D /* Supabase in Frameworks */,
				EECF9A082E1F9B8100C6AE7D /* Auth in Frameworks */,
				EECF9A102E1F9B8100C6AE7D /* Storage in Frameworks */,
				EECF9A0E2E1F9B8100C6AE7D /* Realtime in Frameworks */,
			);
			runOnlyForDeploymentPostprocessing = 0;
		};
/* End PBXFrameworksBuildPhase section */

/* Begin PBXGroup section */
		EECF99DD2E1F97AE00C6AE7D = {
			isa = PBXGroup;
			children = (
				EECF99E82E1F97AE00C6AE7D /* GolfTracker */,
				EEAEB9422E2115B600C74910 /* GolfTrackerTests */,
				EECF99E72E1F97AE00C6AE7D /* Products */,
			);
			sourceTree = "<group>";
		};
		EECF99E72E1F97AE00C6AE7D /* Products */ = {
			isa = PBXGroup;
			children = (
				EECF99E62E1F97AE00C6AE7D /* GolfTracker.app */,
				EEAEB9412E2115B600C74910 /* GolfTrackerTests.xctest */,
				EEAEB94E2E2115DF00C74910 /* GolfTrackerUITests.xctest */,
			);
			name = Products;
			sourceTree = "<group>";
		};
/* End PBXGroup section */

/* Begin PBXNativeTarget section */
		EEAEB9402E2115B600C74910 /* GolfTrackerTests */ = {
			isa = PBXNativeTarget;
			buildConfigurationList = EEAEB9492E2115B600C74910 /* Build configuration list for PBXNativeTarget "GolfTrackerTests" */;
			buildPhases = (
				EEAEB93D2E2115B600C74910 /* Sources */,
				EEAEB93E2E2115B600C74910 /* Frameworks */,
				EEAEB93F2E2115B600C74910 /* Resources */,
			);
			buildRules = (
			);
			dependencies = (
				EEAEB9462E2115B600C74910 /* PBXTargetDependency */,
			);
			fileSystemSynchronizedGroups = (
				EEAEB9422E2115B600C74910 /* GolfTrackerTests */,
			);
			name = GolfTrackerTests;
			packageProductDependencies = (
			);
			productName = GolfTrackerTests;
			productReference = EEAEB9412E2115B600C74910 /* GolfTrackerTests.xctest */;
			productType = "com.apple.product-type.bundle.unit-test";
		};
		EEAEB94D2E2115DF00C74910 /* GolfTrackerUITests */ = {
			isa = PBXNativeTarget;
			buildConfigurationList = EEAEB9562E2115DF00C74910 /* Build configuration list for PBXNativeTarget "GolfTrackerUITests" */;
			buildPhases = (
				EEAEB94A2E2115DF00C74910 /* Sources */,
				EEAEB94B2E2115DF00C74910 /* Frameworks */,
				EEAEB94C2E2115DF00C74910 /* Resources */,
			);
			buildRules = (
			);
			dependencies = (
				EEAEB9552E2115DF00C74910 /* PBXTargetDependency */,
			);
			name = GolfTrackerUITests;
			packageProductDependencies = (
			);
			productName = GolfTrackerUITests;
			productReference = EEAEB94E2E2115DF00C74910 /* GolfTrackerUITests.xctest */;
			productType = "com.apple.product-type.bundle.ui-testing";
		};
		EECF99E52E1F97AE00C6AE7D /* GolfTracker */ = {
			isa = PBXNativeTarget;
			buildConfigurationList = EECF99F12E1F97AF00C6AE7D /* Build configuration list for PBXNativeTarget "GolfTracker" */;
			buildPhases = (
				EECF99E22E1F97AE00C6AE7D /* Sources */,
				EECF99E32E1F97AE00C6AE7D /* Frameworks */,
				EECF99E42E1F97AE00C6AE7D /* Resources */,
			);
			buildRules = (
			);
			dependencies = (
			);
			fileSystemSynchronizedGroups = (
				EECF99E82E1F97AE00C6AE7D /* GolfTracker */,
			);
			name = GolfTracker;
			packageProductDependencies = (
				EECF9A072E1F9B8100C6AE7D /* Auth */,
				EECF9A092E1F9B8100C6AE7D /* Functions */,
				EECF9A0B2E1F9B8100C6AE7D /* PostgREST */,
				EECF9A0D2E1F9B8100C6AE7D /* Realtime */,
				EECF9A0F2E1F9B8100C6AE7D /* Storage */,
				EECF9A112E1F9B8100C6AE7D /* Supabase */,
			);
			productName = GolfTracker;
			productReference = EECF99E62E1F97AE00C6AE7D /* GolfTracker.app */;
			productType = "com.apple.product-type.application";
		};
/* End PBXNativeTarget section */

/* Begin PBXProject section */
		EECF99DE2E1F97AE00C6AE7D /* Project object */ = {
			isa = PBXProject;
			attributes = {
				BuildIndependentTargetsInParallel = 1;
				LastSwiftUpdateCheck = 1640;
				LastUpgradeCheck = 1640;
				TargetAttributes = {
					EEAEB9402E2115B600C74910 = {
						CreatedOnToolsVersion = 16.4;
						TestTargetID = EECF99E52E1F97AE00C6AE7D;
					};
					EEAEB94D2E2115DF00C74910 = {
						CreatedOnToolsVersion = 16.4;
						TestTargetID = EECF99E52E1F97AE00C6AE7D;
					};
					EECF99E52E1F97AE00C6AE7D = {
						CreatedOnToolsVersion = 16.4;
					};
				};
			};
			buildConfigurationList = EECF99E12E1F97AE00C6AE7D /* Build configuration list for PBXProject "GolfTracker" */;
			developmentRegion = en;
			hasScannedForEncodings = 0;
			knownRegions = (
				en,
				Base,
			);
			mainGroup = EECF99DD2E1F97AE00C6AE7D;
			minimizedProjectReferenceProxies = 1;
			packageReferences = (
				EECF9A062E1F9A6E00C6AE7D /* XCRemoteSwiftPackageReference "supabase-swift" */,
			);
			preferredProjectObjectVersion = 77;
			productRefGroup = EECF99E72E1F97AE00C6AE7D /* Products */;
			projectDirPath = "";
			projectRoot = "";
			targets = (
				EECF99E52E1F97AE00C6AE7D /* GolfTracker */,
				EEAEB9402E2115B600C74910 /* GolfTrackerTests */,
				EEAEB94D2E2115DF00C74910 /* GolfTrackerUITests */,
			);
		};
/* End PBXProject section */

/* Begin PBXResourcesBuildPhase section */
		EEAEB93F2E2115B600C74910 /* Resources */ = {
			isa = PBXResourcesBuildPhase;
			buildActionMask = 2147483647;
			files = (
			);
			runOnlyForDeploymentPostprocessing = 0;
		};
		EEAEB94C2E2115DF00C74910 /* Resources */ = {
			isa = PBXResourcesBuildPhase;
			buildActionMask = 2147483647;
			files = (
			);
			runOnlyForDeploymentPostprocessing = 0;
		};
		EECF99E42E1F97AE00C6AE7D /* Resources */ = {
			isa = PBXResourcesBuildPhase;
			buildActionMask = 2147483647;
			files = (
			);
			runOnlyForDeploymentPostprocessing = 0;
		};
/* End PBXResourcesBuildPhase section */

/* Begin PBXSourcesBuildPhase section */
		EEAEB93D2E2115B600C74910 /* Sources */ = {
			isa = PBXSourcesBuildPhase;
			buildActionMask = 2147483647;
			files = (
			);
			runOnlyForDeploymentPostprocessing = 0;
		};
		EEAEB94A2E2115DF00C74910 /* Sources */ = {
			isa = PBXSourcesBuildPhase;
			buildActionMask = 2147483647;
			files = (
			);
			runOnlyForDeploymentPostprocessing = 0;
		};
		EECF99E22E1F97AE00C6AE7D /* Sources */ = {
			isa = PBXSourcesBuildPhase;
			buildActionMask = 2147483647;
			files = (
			);
			runOnlyForDeploymentPostprocessing = 0;
		};
/* End PBXSourcesBuildPhase section */

/* Begin PBXTargetDependency section */
		EEAEB9462E2115B600C74910 /* PBXTargetDependency */ = {
			isa = PBXTargetDependency;
			target = EECF99E52E1F97AE00C6AE7D /* GolfTracker */;
			targetProxy = EEAEB9452E2115B600C74910 /* PBXContainerItemProxy */;
		};
		EEAEB9552E2115DF00C74910 /* PBXTargetDependency */ = {
			isa = PBXTargetDependency;
			target = EECF99E52E1F97AE00C6AE7D /* GolfTracker */;
			targetProxy = EEAEB9542E2115DF00C74910 /* PBXContainerItemProxy */;
		};
/* End PBXTargetDependency section */

/* Begin XCBuildConfiguration section */
		EEAEB9472E2115B600C74910 /* Debug */ = {
			isa = XCBuildConfiguration;
			buildSettings = {
				BUNDLE_LOADER = "$(TEST_HOST)";
				CODE_SIGN_STYLE = Automatic;
				CURRENT_PROJECT_VERSION = 1;
				DEVELOPMENT_TEAM = M77SKHKG63;
				GENERATE_INFOPLIST_FILE = YES;
				MARKETING_VERSION = 1.0;
				PRODUCT_BUNDLE_IDENTIFIER = timkrebs.GolfTrackerTests;
				PRODUCT_NAME = "$(TARGET_NAME)";
				SWIFT_EMIT_LOC_STRINGS = NO;
				SWIFT_VERSION = 5.0;
				TARGETED_DEVICE_FAMILY = "1,2";
				TEST_HOST = "$(BUILT_PRODUCTS_DIR)/GolfTracker.app/$(BUNDLE_EXECUTABLE_FOLDER_PATH)/GolfTracker";
			};
			name = Debug;
		};
		EEAEB9482E2115B600C74910 /* Release */ = {
			isa = XCBuildConfiguration;
			buildSettings = {
				BUNDLE_LOADER = "$(TEST_HOST)";
				CODE_SIGN_STYLE = Automatic;
				CURRENT_PROJECT_VERSION = 1;
				DEVELOPMENT_TEAM = M77SKHKG63;
				GENERATE_INFOPLIST_FILE = YES;
				MARKETING_VERSION = 1.0;
				PRODUCT_BUNDLE_IDENTIFIER = timkrebs.GolfTrackerTests;
				PRODUCT_NAME = "$(TARGET_NAME)";
				SWIFT_EMIT_LOC_STRINGS = NO;
				SWIFT_VERSION = 5.0;
				TARGETED_DEVICE_FAMILY = "1,2";
				TEST_HOST = "$(BUILT_PRODUCTS_DIR)/GolfTracker.app/$(BUNDLE_EXECUTABLE_FOLDER_PATH)/GolfTracker";
			};
			name = Release;
		};
		EEAEB9572E2115DF00C74910 /* Debug */ = {
			isa = XCBuildConfiguration;
			buildSettings = {
				CODE_SIGN_STYLE = Automatic;
				CURRENT_PROJECT_VERSION = 1;
				DEVELOPMENT_TEAM = M77SKHKG63;
				GENERATE_INFOPLIST_FILE = YES;
				MARKETING_VERSION = 1.0;
				PRODUCT_BUNDLE_IDENTIFIER = timkrebs.GolfTrackerUITests;
				PRODUCT_NAME = "$(TARGET_NAME)";
				SWIFT_EMIT_LOC_STRINGS = NO;
				SWIFT_VERSION = 5.0;
				TARGETED_DEVICE_FAMILY = "1,2";
				TEST_TARGET_NAME = GolfTracker;
			};
			name = Debug;
		};
		EEAEB9582E2115DF00C74910 /* Release */ = {
			isa = XCBuildConfiguration;
			buildSettings = {
				CODE_SIGN_STYLE = Automatic;
				CURRENT_PROJECT_VERSION = 1;
				DEVELOPMENT_TEAM = M77SKHKG63;
				GENERATE_INFOPLIST_FILE = YES;
				MARKETING_VERSION = 1.0;
				PRODUCT_BUNDLE_IDENTIFIER = timkrebs.GolfTrackerUITests;
				PRODUCT_NAME = "$(TARGET_NAME)";
				SWIFT_EMIT_LOC_STRINGS = NO;
				SWIFT_VERSION = 5.0;
				TARGETED_DEVICE_FAMILY = "1,2";
				TEST_TARGET_NAME = GolfTracker;
			};
			name = Release;
		};
		EECF99EF2E1F97AF00C6AE7D /* Debug */ = {
			isa = XCBuildConfiguration;
			buildSettings = {
				ALWAYS_SEARCH_USER_PATHS = NO;
				ASSETCATALOG_COMPILER_GENERATE_SWIFT_ASSET_SYMBOL_EXTENSIONS = YES;
				CLANG_ANALYZER_NONNULL = YES;
				CLANG_ANALYZER_NUMBER_OBJECT_CONVERSION = YES_AGGRESSIVE;
				CLANG_CXX_LANGUAGE_STANDARD = "gnu++20";
				CLANG_ENABLE_MODULES = YES;
				CLANG_ENABLE_OBJC_ARC = YES;
				CLANG_ENABLE_OBJC_WEAK = YES;
				CLANG_WARN_BLOCK_CAPTURE_AUTORELEASING = YES;
				CLANG_WARN_BOOL_CONVERSION = YES;
				CLANG_WARN_COMMA = YES;
				CLANG_WARN_CONSTANT_CONVERSION = YES;
				CLANG_WARN_DEPRECATED_OBJC_IMPLEMENTATIONS = YES;
				CLANG_WARN_DIRECT_OBJC_ISA_USAGE = YES_ERROR;
				CLANG_WARN_DOCUMENTATION_COMMENTS = YES;
				CLANG_WARN_EMPTY_BODY = YES;
				CLANG_WARN_ENUM_CONVERSION = YES;
				CLANG_WARN_INFINITE_RECURSION = YES;
				CLANG_WARN_INT_CONVERSION = YES;
				CLANG_WARN_NON_LITERAL_NULL_CONVERSION = YES;
				CLANG_WARN_OBJC_IMPLICIT_RETAIN_SELF = YES;
				CLANG_WARN_OBJC_LITERAL_CONVERSION = YES;
				CLANG_WARN_OBJC_ROOT_CLASS = YES_ERROR;
				CLANG_WARN_QUOTED_INCLUDE_IN_FRAMEWORK_HEADER = YES;
				CLANG_WARN_RANGE_LOOP_ANALYSIS = YES;
				CLANG_WARN_STRICT_PROTOTYPES = YES;
				CLANG_WARN_SUSPICIOUS_MOVE = YES;
				CLANG_WARN_UNGUARDED_AVAILABILITY = YES_AGGRESSIVE;
				CLANG_WARN_UNREACHABLE_CODE = YES;
				CLANG_WARN__DUPLICATE_METHOD_MATCH = YES;
				COPY_PHASE_STRIP = NO;
				DEBUG_INFORMATION_FORMAT = dwarf;
				DEVELOPMENT_TEAM = M77SKHKG63;
				ENABLE_STRICT_OBJC_MSGSEND = YES;
				ENABLE_TESTABILITY = YES;
				ENABLE_USER_SCRIPT_SANDBOXING = YES;
				GCC_C_LANGUAGE_STANDARD = gnu17;
				GCC_DYNAMIC_NO_PIC = NO;
				GCC_NO_COMMON_BLOCKS = YES;
				GCC_OPTIMIZATION_LEVEL = 0;
				GCC_PREPROCESSOR_DEFINITIONS = (
					"DEBUG=1",
					"$(inherited)",
				);
				GCC_WARN_64_TO_32_BIT_CONVERSION = YES;
				GCC_WARN_ABOUT_RETURN_TYPE = YES_ERROR;
				GCC_WARN_UNDECLARED_SELECTOR = YES;
				GCC_WARN_UNINITIALIZED_AUTOS = YES_AGGRESSIVE;
				GCC_WARN_UNUSED_FUNCTION = YES;
				GCC_WARN_UNUSED_VARIABLE = YES;
				IPHONEOS_DEPLOYMENT_TARGET = 18.1;
				LOCALIZATION_PREFERS_STRING_CATALOGS = YES;
				MTL_ENABLE_DEBUG_INFO = INCLUDE_SOURCE;
				MTL_FAST_MATH = YES;
				ONLY_ACTIVE_ARCH = YES;
				SDKROOT = iphoneos;
				SWIFT_ACTIVE_COMPILATION_CONDITIONS = "DEBUG $(inherited)";
				SWIFT_OPTIMIZATION_LEVEL = "-Onone";
			};
			name = Debug;
		};
		EECF99F02E1F97AF00C6AE7D /* Release */ = {
			isa = XCBuildConfiguration;
			buildSettings = {
				ALWAYS_SEARCH_USER_PATHS = NO;
				ASSETCATALOG_COMPILER_GENERATE_SWIFT_ASSET_SYMBOL_EXTENSIONS = YES;
				CLANG_ANALYZER_NONNULL = YES;
				CLANG_ANALYZER_NUMBER_OBJECT_CONVERSION = YES_AGGRESSIVE;
				CLANG_CXX_LANGUAGE_STANDARD = "gnu++20";
				CLANG_ENABLE_MODULES = YES;
				CLANG_ENABLE_OBJC_ARC = YES;
				CLANG_ENABLE_OBJC_WEAK = YES;
				CLANG_WARN_BLOCK_CAPTURE_AUTORELEASING = YES;
				CLANG_WARN_BOOL_CONVERSION = YES;
				CLANG_WARN_COMMA = YES;
				CLANG_WARN_CONSTANT_CONVERSION = YES;
				CLANG_WARN_DEPRECATED_OBJC_IMPLEMENTATIONS = YES;
				CLANG_WARN_DIRECT_OBJC_ISA_USAGE = YES_ERROR;
				CLANG_WARN_DOCUMENTATION_COMMENTS = YES;
				CLANG_WARN_EMPTY_BODY = YES;
				CLANG_WARN_ENUM_CONVERSION = YES;
				CLANG_WARN_INFINITE_RECURSION = YES;
				CLANG_WARN_INT_CONVERSION = YES;
				CLANG_WARN_NON_LITERAL_NULL_CONVERSION = YES;
				CLANG_WARN_OBJC_IMPLICIT_RETAIN_SELF = YES;
				CLANG_WARN_OBJC_LITERAL_CONVERSION = YES;
				CLANG_WARN_OBJC_ROOT_CLASS = YES_ERROR;
				CLANG_WARN_QUOTED_INCLUDE_IN_FRAMEWORK_HEADER = YES;
				CLANG_WARN_RANGE_LOOP_ANALYSIS = YES;
				CLANG_WARN_STRICT_PROTOTYPES = YES;
				CLANG_WARN_SUSPICIOUS_MOVE = YES;
				CLANG_WARN_UNGUARDED_AVAILABILITY = YES_AGGRESSIVE;
				CLANG_WARN_UNREACHABLE_CODE = YES;
				CLANG_WARN__DUPLICATE_METHOD_MATCH = YES;
				COPY_PHASE_STRIP = NO;
				DEBUG_INFORMATION_FORMAT = "dwarf-with-dsym";
				DEVELOPMENT_TEAM = M77SKHKG63;
				ENABLE_NS_ASSERTIONS = NO;
				ENABLE_STRICT_OBJC_MSGSEND = YES;
				ENABLE_USER_SCRIPT_SANDBOXING = YES;
				GCC_C_LANGUAGE_STANDARD = gnu17;
				GCC_NO_COMMON_BLOCKS = YES;
				GCC_WARN_64_TO_32_BIT_CONVERSION = YES;
				GCC_WARN_ABOUT_RETURN_TYPE = YES_ERROR;
				GCC_WARN_UNDECLARED_SELECTOR = YES;
				GCC_WARN_UNINITIALIZED_AUTOS = YES_AGGRESSIVE;
				GCC_WARN_UNUSED_FUNCTION = YES;
				GCC_WARN_UNUSED_VARIABLE = YES;
				IPHONEOS_DEPLOYMENT_TARGET = 18.1;
				LOCALIZATION_PREFERS_STRING_CATALOGS = YES;
				MTL_ENABLE_DEBUG_INFO = NO;
				MTL_FAST_MATH = YES;
				SDKROOT = iphoneos;
				SWIFT_COMPILATION_MODE = wholemodule;
				VALIDATE_PRODUCT = YES;
			};
			name = Release;
		};
		EECF99F22E1F97AF00C6AE7D /* Debug */ = {
			isa = XCBuildConfiguration;
			buildSettings = {
				ASSETCATALOG_COMPILER_APPICON_NAME = AppIcon;
				ASSETCATALOG_COMPILER_GLOBAL_ACCENT_COLOR_NAME = AccentColor;
				CODE_SIGN_STYLE = Automatic;
				CURRENT_PROJECT_VERSION = 1;
				DEVELOPMENT_TEAM = M77SKHKG63;
				ENABLE_PREVIEWS = YES;
				GENERATE_INFOPLIST_FILE = YES;
				INFOPLIST_KEY_UIApplicationSceneManifest_Generation = YES;
				INFOPLIST_KEY_UIApplicationSupportsIndirectInputEvents = YES;
				INFOPLIST_KEY_UILaunchScreen_Generation = YES;
				INFOPLIST_KEY_UISupportedInterfaceOrientations_iPad = "UIInterfaceOrientationPortrait UIInterfaceOrientationPortraitUpsideDown UIInterfaceOrientationLandscapeLeft UIInterfaceOrientationLandscapeRight";
				INFOPLIST_KEY_UISupportedInterfaceOrientations_iPhone = "UIInterfaceOrientationPortrait UIInterfaceOrientationLandscapeLeft UIInterfaceOrientationLandscapeRight";
				LD_RUNPATH_SEARCH_PATHS = (
					"$(inherited)",
					"@executable_path/Frameworks",
				);
				MARKETING_VERSION = 1.0;
				PRODUCT_BUNDLE_IDENTIFIER = timkrebs.GolfTracker;
				PRODUCT_NAME = "$(TARGET_NAME)";
				SWIFT_EMIT_LOC_STRINGS = YES;
				SWIFT_VERSION = 5.0;
				TARGETED_DEVICE_FAMILY = "1,2";
			};
			name = Debug;
		};
		EECF99F32E1F97AF00C6AE7D /* Release */ = {
			isa = XCBuildConfiguration;
			buildSettings = {
				ASSETCATALOG_COMPILER_APPICON_NAME = AppIcon;
				ASSETCATALOG_COMPILER_GLOBAL_ACCENT_COLOR_NAME = AccentColor;
				CODE_SIGN_STYLE = Automatic;
				CURRENT_PROJECT_VERSION = 1;
				DEVELOPMENT_TEAM = M77SKHKG63;
				ENABLE_PREVIEWS = YES;
				GENERATE_INFOPLIST_FILE = YES;
				INFOPLIST_KEY_UIApplicationSceneManifest_Generation = YES;
				INFOPLIST_KEY_UIApplicationSupportsIndirectInputEvents = YES;
				INFOPLIST_KEY_UILaunchScreen_Generation = YES;
				INFOPLIST_KEY_UISupportedInterfaceOrientations_iPad = "UIInterfaceOrientationPortrait UIInterfaceOrientationPortraitUpsideDown UIInterfaceOrientationLandscapeLeft UIInterfaceOrientationLandscapeRight";
				INFOPLIST_KEY_UISupportedInterfaceOrientations_iPhone = "UIInterfaceOrientationPortrait UIInterfaceOrientationLandscapeLeft UIInterfaceOrientationLandscapeRight";
				LD_RUNPATH_SEARCH_PATHS = (
					"$(inherited)",
					"@executable_path/Frameworks",
				);
				MARKETING_VERSION = 1.0;
				PRODUCT_BUNDLE_IDENTIFIER = timkrebs.GolfTracker;
				PRODUCT_NAME = "$(TARGET_NAME)";
				SWIFT_EMIT_LOC_STRINGS = YES;
				SWIFT_VERSION = 5.0;
				TARGETED_DEVICE_FAMILY = "1,2";
			};
			name = Release;
		};
/* End XCBuildConfiguration section */

/* Begin XCConfigurationList section */
		EEAEB9492E2115B600C74910 /* Build configuration list for PBXNativeTarget "GolfTrackerTests" */ = {
			isa = XCConfigurationList;
			buildConfigurations = (
				EEAEB9472E2115B600C74910 /* Debug */,
				EEAEB9482E2115B600C74910 /* Release */,
			);
			defaultConfigurationIsVisible = 0;
			defaultConfigurationName = Release;
		};
		EEAEB9562E2115DF00C74910 /* Build configuration list for PBXNativeTarget "GolfTrackerUITests" */ = {
			isa = XCConfigurationList;
			buildConfigurations = (
				EEAEB9572E2115DF00C74910 /* Debug */,
				EEAEB9582E2115DF00C74910 /* Release */,
			);
			defaultConfigurationIsVisible = 0;
			defaultConfigurationName = Release;
		};
		EECF99E12E1F97AE00C6AE7D /* Build configuration list for PBXProject "GolfTracker" */ = {
			isa = XCConfigurationList;
			buildConfigurations = (
				EECF99EF2E1F97AF00C6AE7D /* Debug */,
				EECF99F02E1F97AF00C6AE7D /* Release */,
			);
			defaultConfigurationIsVisible = 0;
			defaultConfigurationName = Release;
		};
		EECF99F12E1F97AF00C6AE7D /* Build configuration list for PBXNativeTarget "GolfTracker" */ = {
			isa = XCConfigurationList;
			buildConfigurations = (
				EECF99F22E1F97AF00C6AE7D /* Debug */,
				EECF99F32E1F97AF00C6AE7D /* Release */,
			);
			defaultConfigurationIsVisible = 0;
			defaultConfigurationName = Release;
		};
/* End XCConfigurationList section */

/* Begin XCRemoteSwiftPackageReference section */
		EECF9A062E1F9A6E00C6AE7D /* XCRemoteSwiftPackageReference "supabase-swift" */ = {
			isa = XCRemoteSwiftPackageReference;
			repositoryURL = "https://github.com/supabase/supabase-swift";
			requirement = {
				kind = upToNextMajorVersion;
				minimumVersion = 2.5.1;
			};
		};
/* End XCRemoteSwiftPackageReference section */

/* Begin XCSwiftPackageProductDependency section */
		EECF9A072E1F9B8100C6AE7D /* Auth */ = {
			isa = XCSwiftPackageProductDependency;
			package = EECF9A062E1F9A6E00C6AE7D /* XCRemoteSwiftPackageReference "supabase-swift" */;
			productName = Auth;
		};
		EECF9A092E1F9B8100C6AE7D /* Functions */ = {
			isa = XCSwiftPackageProductDependency;
			package = EECF9A062E1F9A6E00C6AE7D /* XCRemoteSwiftPackageReference "supabase-swift" */;
			productName = Functions;
		};
		EECF9A0B2E1F9B8100C6AE7D /* PostgREST */ = {
			isa = XCSwiftPackageProductDependency;
			package = EECF9A062E1F9A6E00C6AE7D /* XCRemoteSwiftPackageReference "supabase-swift" */;
			productName = PostgREST;
		};
		EECF9A0D2E1F9B8100C6AE7D /* Realtime */ = {
			isa = XCSwiftPackageProductDependency;
			package = EECF9A062E1F9A6E00C6AE7D /* XCRemoteSwiftPackageReference "supabase-swift" */;
			productName = Realtime;
		};
		EECF9A0F2E1F9B8100C6AE7D /* Storage */ = {
			isa = XCSwiftPackageProductDependency;
			package = EECF9A062E1F9A6E00C6AE7D /* XCRemoteSwiftPackageReference "supabase-swift" */;
			productName = Storage;
		};
		EECF9A112E1F9B8100C6AE7D /* Supabase */ = {
			isa = XCSwiftPackageProductDependency;
			package = EECF9A062E1F9A6E00C6AE7D /* XCRemoteSwiftPackageReference "supabase-swift" */;
			productName = Supabase;
		};
/* End XCSwiftPackageProductDependency section */
	};
	rootObject = EECF99DE2E1F97AE00C6AE7D /* Project object */;
}
